<?xml version="1.0" encoding="utf-8"?>
<Project ToolsVersion="4.0" xmlns="http://schemas.microsoft.com/developer/msbuild/2003">
  <ItemGroup>
    <Filter Include="Source Files">
      <UniqueIdentifier>{4FC737F1-C7A5-4376-A066-2A32D752A2FF}</UniqueIdentifier>
      <Extensions>cpp;c;cc;cxx;c++;cppm;ixx;def;odl;idl;hpj;bat;asm;asmx</Extensions>
    </Filter>
    <Filter Include="Header Files">
      <UniqueIdentifier>{93995380-89BD-4b04-88EB-625FBE52EBFB}</UniqueIdentifier>
      <Extensions>h;hh;hpp;hxx;h++;hm;inl;inc;ipp;xsd</Extensions>
    </Filter>
    <Filter Include="Resource Files">
      <UniqueIdentifier>{67DA6AB6-F800-4c08-8B7A-83BB121AAD01}</UniqueIdentifier>
      <Extensions>rc;ico;cur;bmp;dlg;rc2;rct;bin;rgs;gif;jpg;jpeg;jpe;resx;tiff;tif;png;wav;mfcribbon-ms</Extensions>
    </Filter>
    <Filter Include="Source Files\Assets">
      <UniqueIdentifier>{2bb21fe2-7cc7-4d73-a10e-50493897fff8}</UniqueIdentifier>
    </Filter>
    <Filter Include="Header Files\Assets">
      <UniqueIdentifier>{f239612a-7e0e-4a6e-a5c4-9360a5295b32}</UniqueIdentifier>
    </Filter>
    <Filter Include="Header Files\Window">
      <UniqueIdentifier>{a1905b18-2c72-49c4-b8da-433b39c8771b}</UniqueIdentifier>
    </Filter>
    <Filter Include="Source Files\Window">
      <UniqueIdentifier>{c59a6ddd-36eb-41bf-a677-c711bcaca03f}</UniqueIdentifier>
    </Filter>
    <Filter Include="Source Files\System">
      <UniqueIdentifier>{87d40515-71f8-4fea-9498-e5af89c764dc}</UniqueIdentifier>
    </Filter>
    <Filter Include="Header Files\System">
      <UniqueIdentifier>{2f663eb6-11c8-4e59-93e4-26b76a27efb0}</UniqueIdentifier>
    </Filter>
    <Filter Include="Header Files\Enums">
      <UniqueIdentifier>{4bbadbcf-28ac-4d2c-8b36-bf396235aae9}</UniqueIdentifier>
    </Filter>
  </ItemGroup>
  <ItemGroup>
    <ClCompile Include="Asset.cpp">
      <Filter>Source Files\Assets</Filter>
    </ClCompile>
    <ClCompile Include="ASprite.cpp">
      <Filter>Source Files\Assets</Filter>
    </ClCompile>
    <ClCompile Include="AppWindow.cpp">
      <Filter>Source Files\Window</Filter>
    </ClCompile>
    <ClCompile Include="main.cpp">
      <Filter>Source Files\Window</Filter>
    </ClCompile>
    <ClCompile Include="EngineTime.cpp">
      <Filter>Source Files</Filter>
    </ClCompile>
    <ClCompile Include="ImageLoader.cpp">
      <Filter>Source Files\System</Filter>
    </ClCompile>
    <ClCompile Include="AText.cpp">
      <Filter>Source Files\Assets</Filter>
    </ClCompile>
  </ItemGroup>
  <ItemGroup>
    <ClInclude Include="Asset.h">
      <Filter>Header Files\Assets</Filter>
    </ClInclude>
    <ClInclude Include="ASprite.h">
      <Filter>Header Files\Assets</Filter>
    </ClInclude>
    <ClInclude Include="AppWindow.h">
      <Filter>Header Files\Window</Filter>
    </ClInclude>
    <ClInclude Include="Debugger.h">
      <Filter>Header Files\Window</Filter>
    </ClInclude>
    <ClInclude Include="EngineTime.h">
      <Filter>Header Files\System</Filter>
    </ClInclude>
    <ClInclude Include="ImageLoader.h">
      <Filter>Header Files\System</Filter>
    </ClInclude>
    <ClInclude Include="AText.h">
      <Filter>Header Files\Assets</Filter>
    </ClInclude>
    <ClInclude Include="EnumMsg.h">
      <Filter>Header Files\Enums</Filter>
    </ClInclude>
    <ClInclude Include="EnumFonts.h">
      <Filter>Header Files\Enums</Filter>
    </ClInclude>
  </ItemGroup>
</Project>